{
  "pins" : [
    {
      "identity" : "kif",
      "kind" : "remoteSourceControl",
      "location" : "https://github.com/kif-framework/KIF",
      "state" : {
        "revision" : "6c3ff27d9449eab614dae63e571596e4982a5205",
        "version" : "3.8.9"
      }
    },
    {
      "identity" : "madog-core",
      "kind" : "remoteSourceControl",
      "location" : "https://github.com/cerihughes/madog-core",
      "state" : {
        "revision" : "5dedf308db301cba99fcdb237c9f53cbc61cad05",
        "version" : "1.0.0"
      }
    }
  ],
  "version" : 2
}
