{
  "pins" : [
    {
      "identity" : "kif",
      "kind" : "remoteSourceControl",
      "location" : "https://github.com/kif-framework/KIF",
      "state" : {
        "revision" : "6c3ff27d9449eab614dae63e571596e4982a5205",
        "version" : "3.8.9"
      }
    },
    {
      "identity" : "madog-core",
      "kind" : "remoteSourceControl",
      "location" : "https://github.com/cerihughes/madog-core",
      "state" : {
        "branch" : "master",
        "revision" : "bb39c62e2994770432a7b6560e9ea5189f362992"
      }
    },
    {
      "identity" : "provident",
      "kind" : "remoteSourceControl",
      "location" : "https://github.com/cerihughes/provident",
      "state" : {
        "revision" : "4b2bfd97332fc9bd305f46e180def1c7d98b1729",
        "version" : "7.0.0"
      }
    }
  ],
  "version" : 2
}
